
Microsoft Visual Studio Solution File, Format Version 12.00
# Visual Studio Version 17
VisualStudioVersion = 17.0.31903.59
MinimumVisualStudioVersion = 10.0.40219.1

# ==============================
# PROVIDER (NIOP Team)
# ==============================
Project("{FAE04EC0-301F-11D3-BF4B-00C04F79EFBC}") = "NIOP.Provider.Api", "src\Provider\NIOP.Provider.Api\NIOP.Provider.Api.csproj", "{A1B2C3D4-0001-0001-0001-000000000001}"
EndProject
Project("{FAE04EC0-301F-11D3-BF4B-00C04F79EFBC}") = "NIOP.Provider.ContractTests", "src\Provider\NIOP.Provider.ContractTests\NIOP.Provider.ContractTests.csproj", "{A1B2C3D4-0001-0001-0001-000000000002}"
EndProject

# ==============================
# SHARED CONTRACTS
# ==============================
Project("{FAE04EC0-301F-11D3-BF4B-00C04F79EFBC}") = "NIOP.Contracts.Shared", "src\Shared\NIOP.Contracts.Shared\NIOP.Contracts.Shared.csproj", "{A1B2C3D4-0002-0002-0002-000000000001}"
EndProject

# ==============================
# CONSUMERS
# ==============================
Project("{FAE04EC0-301F-11D3-BF4B-00C04F79EFBC}") = "Consumer.Salesforce.ContractTests", "src\Consumers\Salesforce\Consumer.Salesforce.ContractTests\Consumer.Salesforce.ContractTests.csproj", "{B1B2C3D4-0001-0001-0001-000000000001}"
EndProject
Project("{FAE04EC0-301F-11D3-BF4B-00C04F79EFBC}") = "Consumer.PCAW.ContractTests", "src\Consumers\PCAW\Consumer.PCAW.ContractTests\Consumer.PCAW.ContractTests.csproj", "{B1B2C3D4-0002-0001-0001-000000000001}"
EndProject
Project("{FAE04EC0-301F-11D3-BF4B-00C04F79EFBC}") = "Consumer.Soraian.ContractTests", "src\Consumers\Soraian\Consumer.Soraian.ContractTests\Consumer.Soraian.ContractTests.csproj", "{B1B2C3D4-0003-0001-0001-000000000001}"
EndProject
Project("{FAE04EC0-301F-11D3-BF4B-00C04F79EFBC}") = "Consumer.MSA.ContractTests", "src\Consumers\MSA\Consumer.MSA.ContractTests\Consumer.MSA.ContractTests.csproj", "{B1B2C3D4-0004-0001-0001-000000000001}"
EndProject
Project("{FAE04EC0-301F-11D3-BF4B-00C04F79EFBC}") = "Consumer.INR.ContractTests", "src\Consumers\INR\Consumer.INR.ContractTests\Consumer.INR.ContractTests.csproj", "{B1B2C3D4-0005-0001-0001-000000000001}"
EndProject
Project("{FAE04EC0-301F-11D3-BF4B-00C04F79EFBC}") = "Consumer.ATS.ContractTests", "src\Consumers\ATS\Consumer.ATS.ContractTests\Consumer.ATS.ContractTests.csproj", "{B1B2C3D4-0006-0001-0001-000000000001}"
EndProject
Project("{FAE04EC0-301F-11D3-BF4B-00C04F79EFBC}") = "Consumer.Cardiologs.ContractTests", "src\Consumers\Cardiologs\Consumer.Cardiologs.ContractTests\Consumer.Cardiologs.ContractTests.csproj", "{B1B2C3D4-0007-0001-0001-000000000001}"
EndProject
Project("{FAE04EC0-301F-11D3-BF4B-00C04F79EFBC}") = "Consumer.EMR.ContractTests", "src\Consumers\EMR\Consumer.EMR.ContractTests\Consumer.EMR.ContractTests.csproj", "{B1B2C3D4-0008-0001-0001-000000000001}"
EndProject

# ==============================
# SOLUTION FOLDERS
# ==============================
Project("{2150E333-8FDC-42A3-9474-1A3956D46DE8}") = "Provider", "Provider", "{F0000001-0000-0000-0000-000000000001}"
EndProject
Project("{2150E333-8FDC-42A3-9474-1A3956D46DE8}") = "Consumers", "Consumers", "{F0000002-0000-0000-0000-000000000001}"
EndProject
Project("{2150E333-8FDC-42A3-9474-1A3956D46DE8}") = "Shared", "Shared", "{F0000003-0000-0000-0000-000000000001}"
EndProject
Project("{2150E333-8FDC-42A3-9474-1A3956D46DE8}") = "Infrastructure", "Infrastructure", "{F0000004-0000-0000-0000-000000000001}"
EndProject

Global
	GlobalSection(SolutionConfigurationPlatforms) = preSolution
		Debug|Any CPU = Debug|Any CPU
		Release|Any CPU = Release|Any CPU
	EndGlobalSection
	GlobalSection(ProjectConfigurationPlatforms) = postSolution
		{A1B2C3D4-0001-0001-0001-000000000001}.Debug|Any CPU.ActiveCfg = Debug|Any CPU
		{A1B2C3D4-0001-0001-0001-000000000001}.Debug|Any CPU.Build.0 = Debug|Any CPU
		{A1B2C3D4-0001-0001-0001-000000000001}.Release|Any CPU.ActiveCfg = Release|Any CPU
		{A1B2C3D4-0001-0001-0001-000000000001}.Release|Any CPU.Build.0 = Release|Any CPU
		{A1B2C3D4-0001-0001-0001-000000000002}.Debug|Any CPU.ActiveCfg = Debug|Any CPU
		{A1B2C3D4-0001-0001-0001-000000000002}.Debug|Any CPU.Build.0 = Debug|Any CPU
		{A1B2C3D4-0001-0001-0001-000000000002}.Release|Any CPU.ActiveCfg = Release|Any CPU
		{A1B2C3D4-0001-0001-0001-000000000002}.Release|Any CPU.Build.0 = Release|Any CPU
		{A1B2C3D4-0002-0002-0002-000000000001}.Debug|Any CPU.ActiveCfg = Debug|Any CPU
		{A1B2C3D4-0002-0002-0002-000000000001}.Debug|Any CPU.Build.0 = Debug|Any CPU
		{A1B2C3D4-0002-0002-0002-000000000001}.Release|Any CPU.ActiveCfg = Release|Any CPU
		{A1B2C3D4-0002-0002-0002-000000000001}.Release|Any CPU.Build.0 = Release|Any CPU
		{B1B2C3D4-0001-0001-0001-000000000001}.Debug|Any CPU.ActiveCfg = Debug|Any CPU
		{B1B2C3D4-0001-0001-0001-000000000001}.Debug|Any CPU.Build.0 = Debug|Any CPU
		{B1B2C3D4-0001-0001-0001-000000000001}.Release|Any CPU.ActiveCfg = Release|Any CPU
		{B1B2C3D4-0001-0001-0001-000000000001}.Release|Any CPU.Build.0 = Release|Any CPU
		{B1B2C3D4-0002-0001-0001-000000000001}.Debug|Any CPU.ActiveCfg = Debug|Any CPU
		{B1B2C3D4-0002-0001-0001-000000000001}.Debug|Any CPU.Build.0 = Debug|Any CPU
		{B1B2C3D4-0002-0001-0001-000000000001}.Release|Any CPU.ActiveCfg = Release|Any CPU
		{B1B2C3D4-0002-0001-0001-000000000001}.Release|Any CPU.Build.0 = Release|Any CPU
		{B1B2C3D4-0003-0001-0001-000000000001}.Debug|Any CPU.ActiveCfg = Debug|Any CPU
		{B1B2C3D4-0003-0001-0001-000000000001}.Debug|Any CPU.Build.0 = Debug|Any CPU
		{B1B2C3D4-0003-0001-0001-000000000001}.Release|Any CPU.ActiveCfg = Release|Any CPU
		{B1B2C3D4-0003-0001-0001-000000000001}.Release|Any CPU.Build.0 = Release|Any CPU
		{B1B2C3D4-0004-0001-0001-000000000001}.Debug|Any CPU.ActiveCfg = Debug|Any CPU
		{B1B2C3D4-0004-0001-0001-000000000001}.Debug|Any CPU.Build.0 = Debug|Any CPU
		{B1B2C3D4-0004-0001-0001-000000000001}.Release|Any CPU.ActiveCfg = Release|Any CPU
		{B1B2C3D4-0004-0001-0001-000000000001}.Release|Any CPU.Build.0 = Release|Any CPU
		{B1B2C3D4-0005-0001-0001-000000000001}.Debug|Any CPU.ActiveCfg = Debug|Any CPU
		{B1B2C3D4-0005-0001-0001-000000000001}.Debug|Any CPU.Build.0 = Debug|Any CPU
		{B1B2C3D4-0005-0001-0001-000000000001}.Release|Any CPU.ActiveCfg = Release|Any CPU
		{B1B2C3D4-0005-0001-0001-000000000001}.Release|Any CPU.Build.0 = Release|Any CPU
		{B1B2C3D4-0006-0001-0001-000000000001}.Debug|Any CPU.ActiveCfg = Debug|Any CPU
		{B1B2C3D4-0006-0001-0001-000000000001}.Debug|Any CPU.Build.0 = Debug|Any CPU
		{B1B2C3D4-0006-0001-0001-000000000001}.Release|Any CPU.ActiveCfg = Release|Any CPU
		{B1B2C3D4-0006-0001-0001-000000000001}.Release|Any CPU.Build.0 = Release|Any CPU
		{B1B2C3D4-0007-0001-0001-000000000001}.Debug|Any CPU.ActiveCfg = Debug|Any CPU
		{B1B2C3D4-0007-0001-0001-000000000001}.Debug|Any CPU.Build.0 = Debug|Any CPU
		{B1B2C3D4-0007-0001-0001-000000000001}.Release|Any CPU.ActiveCfg = Release|Any CPU
		{B1B2C3D4-0007-0001-0001-000000000001}.Release|Any CPU.Build.0 = Release|Any CPU
		{B1B2C3D4-0008-0001-0001-000000000001}.Debug|Any CPU.ActiveCfg = Debug|Any CPU
		{B1B2C3D4-0008-0001-0001-000000000001}.Debug|Any CPU.Build.0 = Debug|Any CPU
		{B1B2C3D4-0008-0001-0001-000000000001}.Release|Any CPU.ActiveCfg = Release|Any CPU
		{B1B2C3D4-0008-0001-0001-000000000001}.Release|Any CPU.Build.0 = Release|Any CPU
	EndGlobalSection
	GlobalSection(NestedProjects) = preSolution
		{A1B2C3D4-0001-0001-0001-000000000001} = {F0000001-0000-0000-0000-000000000001}
		{A1B2C3D4-0001-0001-0001-000000000002} = {F0000001-0000-0000-0000-000000000001}
		{A1B2C3D4-0002-0002-0002-000000000001} = {F0000003-0000-0000-0000-000000000001}
		{B1B2C3D4-0001-0001-0001-000000000001} = {F0000002-0000-0000-0000-000000000001}
		{B1B2C3D4-0002-0001-0001-000000000001} = {F0000002-0000-0000-0000-000000000001}
		{B1B2C3D4-0003-0001-0001-000000000001} = {F0000002-0000-0000-0000-000000000001}
		{B1B2C3D4-0004-0001-0001-000000000001} = {F0000002-0000-0000-0000-000000000001}
		{B1B2C3D4-0005-0001-0001-000000000001} = {F0000002-0000-0000-0000-000000000001}
		{B1B2C3D4-0006-0001-0001-000000000001} = {F0000002-0000-0000-0000-000000000001}
		{B1B2C3D4-0007-0001-0001-000000000001} = {F0000002-0000-0000-0000-000000000001}
		{B1B2C3D4-0008-0001-0001-000000000001} = {F0000002-0000-0000-0000-000000000001}
	EndGlobalSection
EndGlobal
